
Microsoft Visual Studio Solution File, Format Version 12.00
# Visual Studio Version 17
VisualStudioVersion = 17.13.35931.197 d17.13
MinimumVisualStudioVersion = 10.0.40219.1
Project("{FAE04EC0-301F-11D3-BF4B-00C04F79EFBC}") = "activity2", "activity2.csproj", "{18C9EED4-0569-49FD-A93B-7895503A43FE}"
EndProject
Global
	GlobalSection(SolutionConfigurationPlatforms) = preSolution
		Debug|Any CPU = Debug|Any CPU
		Release|Any CPU = Release|Any CPU
	EndGlobalSection
	GlobalSection(ProjectConfigurationPlatforms) = postSolution
		{18C9EED4-0569-49FD-A93B-7895503A43FE}.Debug|Any CPU.ActiveCfg = Debug|Any CPU
		{18C9EED4-0569-49FD-A93B-7895503A43FE}.Debug|Any CPU.Build.0 = Debug|Any CPU
		{18C9EED4-0569-49FD-A93B-7895503A43FE}.Release|Any CPU.ActiveCfg = Release|Any CPU
		{18C9EED4-0569-49FD-A93B-7895503A43FE}.Release|Any CPU.Build.0 = Release|Any CPU
	EndGlobalSection
	GlobalSection(SolutionProperties) = preSolution
		HideSolutionNode = FALSE
	EndGlobalSection
	GlobalSection(ExtensibilityGlobals) = postSolution
		SolutionGuid = {3A77BEA6-A03D-4139-9743-F2EBF1E9F5BD}
	EndGlobalSection
EndGlobal
